{
  "requires": true,
  "lockfileVersion": 1,
  "dependencies": {
    "fast-average-color": {
      "version": "5.2.1",
      "resolved": "https://registry.npmjs.org/fast-average-color/-/fast-average-color-5.2.1.tgz",
      "integrity": "sha512-qIm4oyY2k8OTmaas0MlwIzlGJoc848FahTV1sV9nQlgo52Qvt8JyNFkKpxvcn3JZTj9dWbEmutk1CvF7FaCSkg=="
    }
  }
}
